
Microsoft Visual Studio Solution File, Format Version 12.00
# Visual Studio Version 16
VisualStudioVersion = 16.0.30907.101
MinimumVisualStudioVersion = 10.0.40219.1
Project("{FAE04EC0-301F-11D3-BF4B-00C04F79EFBC}") = "LuckyNumberCore", "LuckyNumberCore\LuckyNumberCore.csproj", "{75318F3F-1332-4915-9350-32D4DD0501A9}"
EndProject
Global
	GlobalSection(SolutionConfigurationPlatforms) = preSolution
		Debug|Any CPU = Debug|Any CPU
		Release|Any CPU = Release|Any CPU
	EndGlobalSection
	GlobalSection(ProjectConfigurationPlatforms) = postSolution
		{75318F3F-1332-4915-9350-32D4DD0501A9}.Debug|Any CPU.ActiveCfg = Debug|Any CPU
		{75318F3F-1332-4915-9350-32D4DD0501A9}.Debug|Any CPU.Build.0 = Debug|Any CPU
		{75318F3F-1332-4915-9350-32D4DD0501A9}.Release|Any CPU.ActiveCfg = Release|Any CPU
		{75318F3F-1332-4915-9350-32D4DD0501A9}.Release|Any CPU.Build.0 = Release|Any CPU
	EndGlobalSection
	GlobalSection(SolutionProperties) = preSolution
		HideSolutionNode = FALSE
	EndGlobalSection
	GlobalSection(ExtensibilityGlobals) = postSolution
		SolutionGuid = {3AA9F74D-35CA-4B73-8859-4808588C1A45}
	EndGlobalSection
EndGlobal
